
Microsoft Visual Studio Solution File, Format Version 12.00
# Visual Studio 15
VisualStudioVersion = 15.0.28307.421
MinimumVisualStudioVersion = 10.0.40219.1
Project("{FAE04EC0-301F-11D3-BF4B-00C04F79EFBC}") = "BitMEX", "BitMEX\BitMEX.csproj", "{F8D81E53-F615-4D90-ABB8-857C8C617EEB}"
EndProject
Project("{FAE04EC0-301F-11D3-BF4B-00C04F79EFBC}") = "BitMEX.TestForm", "BitMEX.TestForm\BitMEX.TestForm.csproj", "{D67FA5E4-FA63-40F6-83FC-AFBD46BD91E8}"
EndProject
Project("{FAE04EC0-301F-11D3-BF4B-00C04F79EFBC}") = "IO.Swagger", "IO.Swagger\IO.Swagger.csproj", "{664B4B71-DDB8-4534-A886-1CE6CE5F3234}"
EndProject
Project("{FAE04EC0-301F-11D3-BF4B-00C04F79EFBC}") = "OpenAPI", "VSRestAPI\OpenAPI.csproj", "{8A00AAA8-A58F-45F6-8A4C-4192525345C4}"
EndProject
Global
	GlobalSection(SolutionConfigurationPlatforms) = preSolution
		Debug|Any CPU = Debug|Any CPU
		Release|Any CPU = Release|Any CPU
	EndGlobalSection
	GlobalSection(ProjectConfigurationPlatforms) = postSolution
		{F8D81E53-F615-4D90-ABB8-857C8C617EEB}.Debug|Any CPU.ActiveCfg = Debug|Any CPU
		{F8D81E53-F615-4D90-ABB8-857C8C617EEB}.Debug|Any CPU.Build.0 = Debug|Any CPU
		{F8D81E53-F615-4D90-ABB8-857C8C617EEB}.Release|Any CPU.ActiveCfg = Debug|Any CPU
		{F8D81E53-F615-4D90-ABB8-857C8C617EEB}.Release|Any CPU.Build.0 = Debug|Any CPU
		{D67FA5E4-FA63-40F6-83FC-AFBD46BD91E8}.Debug|Any CPU.ActiveCfg = Debug|Any CPU
		{D67FA5E4-FA63-40F6-83FC-AFBD46BD91E8}.Debug|Any CPU.Build.0 = Debug|Any CPU
		{D67FA5E4-FA63-40F6-83FC-AFBD46BD91E8}.Release|Any CPU.ActiveCfg = Release|Any CPU
		{D67FA5E4-FA63-40F6-83FC-AFBD46BD91E8}.Release|Any CPU.Build.0 = Release|Any CPU
		{664B4B71-DDB8-4534-A886-1CE6CE5F3234}.Debug|Any CPU.ActiveCfg = Debug|Any CPU
		{664B4B71-DDB8-4534-A886-1CE6CE5F3234}.Debug|Any CPU.Build.0 = Debug|Any CPU
		{664B4B71-DDB8-4534-A886-1CE6CE5F3234}.Release|Any CPU.ActiveCfg = Release|Any CPU
		{664B4B71-DDB8-4534-A886-1CE6CE5F3234}.Release|Any CPU.Build.0 = Release|Any CPU
		{8A00AAA8-A58F-45F6-8A4C-4192525345C4}.Debug|Any CPU.ActiveCfg = Debug|Any CPU
		{8A00AAA8-A58F-45F6-8A4C-4192525345C4}.Debug|Any CPU.Build.0 = Debug|Any CPU
		{8A00AAA8-A58F-45F6-8A4C-4192525345C4}.Release|Any CPU.ActiveCfg = Release|Any CPU
		{8A00AAA8-A58F-45F6-8A4C-4192525345C4}.Release|Any CPU.Build.0 = Release|Any CPU
	EndGlobalSection
	GlobalSection(SolutionProperties) = preSolution
		HideSolutionNode = FALSE
	EndGlobalSection
	GlobalSection(ExtensibilityGlobals) = postSolution
		SolutionGuid = {3DB5B5C1-2739-470E-925A-0CDDE339E9AB}
	EndGlobalSection
EndGlobal
