
Microsoft Visual Studio Solution File, Format Version 12.00
# Visual Studio 15
VisualStudioVersion = 15.0.28307.421
MinimumVisualStudioVersion = 10.0.40219.1
Project("{FAE04EC0-301F-11D3-BF4B-00C04F79EFBC}") = "BitMEX", "BitMEX\BitMEX.csproj", "{F8D81E53-F615-4D90-ABB8-857C8C617EEB}"
EndProject
Project("{FAE04EC0-301F-11D3-BF4B-00C04F79EFBC}") = "BitMEX.TestForm", "BitMEX.TestForm\BitMEX.TestForm.csproj", "{D67FA5E4-FA63-40F6-83FC-AFBD46BD91E8}"
EndProject
Project("{FAE04EC0-301F-11D3-BF4B-00C04F79EFBC}") = "IO.Swagger", "IO.Swagger\IO.Swagger.csproj", "{664B4B71-DDB8-4534-A886-1CE6CE5F3234}"
EndProject
Project("{FAE04EC0-301F-11D3-BF4B-00C04F79EFBC}") = "PStrategies", "PStrategies\PStrategies.csproj", "{BBA09875-410F-46B5-BC68-1F647BC00C1B}"
EndProject
Project("{FAE04EC0-301F-11D3-BF4B-00C04F79EFBC}") = "BitMEX.UnitTest", "BitMEX.UnitTest\BitMEX.UnitTest.csproj", "{D7792105-6F18-4EC1-AF04-EFFCD36DA0FA}"
EndProject
Project("{FAE04EC0-301F-11D3-BF4B-00C04F79EFBC}") = "PStrategies.UnitTest", "PStrategies.UnitTest\PStrategies.UnitTest.csproj", "{3E890B1B-62AB-4DEA-92AD-AEDFB1483EB7}"
EndProject
Project("{2150E333-8FDC-42A3-9474-1A3956D46DE8}") = "UnitTests", "UnitTests", "{BA3E0FDC-5E86-4DFE-99C9-11FDC8F8F569}"
EndProject
Project("{2150E333-8FDC-42A3-9474-1A3956D46DE8}") = "Junk", "Junk", "{87A15711-E499-4C31-A0CC-0F9CB36A9F91}"
EndProject
Project("{FAE04EC0-301F-11D3-BF4B-00C04F79EFBC}") = "RESTSharpConsumer", "RESTSharpConsumer\RESTSharpConsumer.csproj", "{158DF3EA-52E8-40F0-8E22-F38E8AE9E992}"
EndProject
Project("{FAE04EC0-301F-11D3-BF4B-00C04F79EFBC}") = "MoneyTron", "MoneyTron\MoneyTron.csproj", "{BF2EF0E0-931D-4CB7-B6BB-F077DF2A269D}"
EndProject
Project("{9A19103F-16F7-4668-BE54-9A1E7A4F7556}") = "Bitmex.Client.Websocket", "..\bitmex-client-websocket\src\Bitmex.Client.Websocket\Bitmex.Client.Websocket.csproj", "{8C7D216D-43C8-4098-9456-FD457115D438}"
EndProject
Project("{FAE04EC0-301F-11D3-BF4B-00C04F79EFBC}") = "Bitmex.Client.Websocket.Sample.WinForms", "..\bitmex-client-websocket\test_integration\Bitmex.Client.Websocket.Sample.WinForms\Bitmex.Client.Websocket.Sample.WinForms.csproj", "{40434847-B21B-42AB-A689-66B81C42100A}"
EndProject
Project("{9A19103F-16F7-4668-BE54-9A1E7A4F7556}") = "Bitmex.Client.Websocket.Sample", "..\bitmex-client-websocket\test_integration\Bitmex.Client.Websocket.Sample\Bitmex.Client.Websocket.Sample.csproj", "{107970B1-3F94-45C8-BD30-F284F38CB088}"
EndProject
Project("{FAE04EC0-301F-11D3-BF4B-00C04F79EFBC}") = "Bitmex.Client.Websocket.Sample.NetFramework", "..\bitmex-client-websocket\test_integration\Bitmex.Client.Websocket.Sample.NetFramework\Bitmex.Client.Websocket.Sample.NetFramework.csproj", "{56642A4E-B8CE-4399-9879-3E89C7C1FA3D}"
EndProject
Project("{FAE04EC0-301F-11D3-BF4B-00C04F79EFBC}") = "BitMEXRest", "BitMEXRest\BitMEXRest.csproj", "{1D6DD7D1-7BC9-45A8-93F3-65AD40791CF6}"
EndProject
Global
	GlobalSection(SolutionConfigurationPlatforms) = preSolution
		Debug|Any CPU = Debug|Any CPU
		Release|Any CPU = Release|Any CPU
	EndGlobalSection
	GlobalSection(ProjectConfigurationPlatforms) = postSolution
		{F8D81E53-F615-4D90-ABB8-857C8C617EEB}.Debug|Any CPU.ActiveCfg = Debug|Any CPU
		{F8D81E53-F615-4D90-ABB8-857C8C617EEB}.Debug|Any CPU.Build.0 = Debug|Any CPU
		{F8D81E53-F615-4D90-ABB8-857C8C617EEB}.Release|Any CPU.ActiveCfg = Release|Any CPU
		{F8D81E53-F615-4D90-ABB8-857C8C617EEB}.Release|Any CPU.Build.0 = Release|Any CPU
		{D67FA5E4-FA63-40F6-83FC-AFBD46BD91E8}.Debug|Any CPU.ActiveCfg = Debug|Any CPU
		{D67FA5E4-FA63-40F6-83FC-AFBD46BD91E8}.Debug|Any CPU.Build.0 = Debug|Any CPU
		{D67FA5E4-FA63-40F6-83FC-AFBD46BD91E8}.Release|Any CPU.ActiveCfg = Release|Any CPU
		{D67FA5E4-FA63-40F6-83FC-AFBD46BD91E8}.Release|Any CPU.Build.0 = Release|Any CPU
		{664B4B71-DDB8-4534-A886-1CE6CE5F3234}.Debug|Any CPU.ActiveCfg = Debug|Any CPU
		{664B4B71-DDB8-4534-A886-1CE6CE5F3234}.Debug|Any CPU.Build.0 = Debug|Any CPU
		{664B4B71-DDB8-4534-A886-1CE6CE5F3234}.Release|Any CPU.ActiveCfg = Release|Any CPU
		{664B4B71-DDB8-4534-A886-1CE6CE5F3234}.Release|Any CPU.Build.0 = Release|Any CPU
		{BBA09875-410F-46B5-BC68-1F647BC00C1B}.Debug|Any CPU.ActiveCfg = Debug|Any CPU
		{BBA09875-410F-46B5-BC68-1F647BC00C1B}.Debug|Any CPU.Build.0 = Debug|Any CPU
		{BBA09875-410F-46B5-BC68-1F647BC00C1B}.Release|Any CPU.ActiveCfg = Release|Any CPU
		{BBA09875-410F-46B5-BC68-1F647BC00C1B}.Release|Any CPU.Build.0 = Release|Any CPU
		{D7792105-6F18-4EC1-AF04-EFFCD36DA0FA}.Debug|Any CPU.ActiveCfg = Debug|Any CPU
		{D7792105-6F18-4EC1-AF04-EFFCD36DA0FA}.Debug|Any CPU.Build.0 = Debug|Any CPU
		{D7792105-6F18-4EC1-AF04-EFFCD36DA0FA}.Release|Any CPU.ActiveCfg = Release|Any CPU
		{D7792105-6F18-4EC1-AF04-EFFCD36DA0FA}.Release|Any CPU.Build.0 = Release|Any CPU
		{3E890B1B-62AB-4DEA-92AD-AEDFB1483EB7}.Debug|Any CPU.ActiveCfg = Debug|Any CPU
		{3E890B1B-62AB-4DEA-92AD-AEDFB1483EB7}.Debug|Any CPU.Build.0 = Debug|Any CPU
		{3E890B1B-62AB-4DEA-92AD-AEDFB1483EB7}.Release|Any CPU.ActiveCfg = Release|Any CPU
		{3E890B1B-62AB-4DEA-92AD-AEDFB1483EB7}.Release|Any CPU.Build.0 = Release|Any CPU
		{158DF3EA-52E8-40F0-8E22-F38E8AE9E992}.Debug|Any CPU.ActiveCfg = Debug|Any CPU
		{158DF3EA-52E8-40F0-8E22-F38E8AE9E992}.Debug|Any CPU.Build.0 = Debug|Any CPU
		{158DF3EA-52E8-40F0-8E22-F38E8AE9E992}.Release|Any CPU.ActiveCfg = Release|Any CPU
		{158DF3EA-52E8-40F0-8E22-F38E8AE9E992}.Release|Any CPU.Build.0 = Release|Any CPU
		{BF2EF0E0-931D-4CB7-B6BB-F077DF2A269D}.Debug|Any CPU.ActiveCfg = Debug|Any CPU
		{BF2EF0E0-931D-4CB7-B6BB-F077DF2A269D}.Debug|Any CPU.Build.0 = Debug|Any CPU
		{BF2EF0E0-931D-4CB7-B6BB-F077DF2A269D}.Release|Any CPU.ActiveCfg = Release|Any CPU
		{BF2EF0E0-931D-4CB7-B6BB-F077DF2A269D}.Release|Any CPU.Build.0 = Release|Any CPU
		{8C7D216D-43C8-4098-9456-FD457115D438}.Debug|Any CPU.ActiveCfg = Debug|Any CPU
		{8C7D216D-43C8-4098-9456-FD457115D438}.Debug|Any CPU.Build.0 = Debug|Any CPU
		{8C7D216D-43C8-4098-9456-FD457115D438}.Release|Any CPU.ActiveCfg = Release|Any CPU
		{8C7D216D-43C8-4098-9456-FD457115D438}.Release|Any CPU.Build.0 = Release|Any CPU
		{40434847-B21B-42AB-A689-66B81C42100A}.Debug|Any CPU.ActiveCfg = Debug|Any CPU
		{40434847-B21B-42AB-A689-66B81C42100A}.Debug|Any CPU.Build.0 = Debug|Any CPU
		{40434847-B21B-42AB-A689-66B81C42100A}.Release|Any CPU.ActiveCfg = Release|Any CPU
		{40434847-B21B-42AB-A689-66B81C42100A}.Release|Any CPU.Build.0 = Release|Any CPU
		{107970B1-3F94-45C8-BD30-F284F38CB088}.Debug|Any CPU.ActiveCfg = Debug|Any CPU
		{107970B1-3F94-45C8-BD30-F284F38CB088}.Debug|Any CPU.Build.0 = Debug|Any CPU
		{107970B1-3F94-45C8-BD30-F284F38CB088}.Release|Any CPU.ActiveCfg = Release|Any CPU
		{107970B1-3F94-45C8-BD30-F284F38CB088}.Release|Any CPU.Build.0 = Release|Any CPU
		{56642A4E-B8CE-4399-9879-3E89C7C1FA3D}.Debug|Any CPU.ActiveCfg = Debug|Any CPU
		{56642A4E-B8CE-4399-9879-3E89C7C1FA3D}.Debug|Any CPU.Build.0 = Debug|Any CPU
		{56642A4E-B8CE-4399-9879-3E89C7C1FA3D}.Release|Any CPU.ActiveCfg = Release|Any CPU
		{56642A4E-B8CE-4399-9879-3E89C7C1FA3D}.Release|Any CPU.Build.0 = Release|Any CPU
		{1D6DD7D1-7BC9-45A8-93F3-65AD40791CF6}.Debug|Any CPU.ActiveCfg = Debug|Any CPU
		{1D6DD7D1-7BC9-45A8-93F3-65AD40791CF6}.Debug|Any CPU.Build.0 = Debug|Any CPU
		{1D6DD7D1-7BC9-45A8-93F3-65AD40791CF6}.Release|Any CPU.ActiveCfg = Release|Any CPU
		{1D6DD7D1-7BC9-45A8-93F3-65AD40791CF6}.Release|Any CPU.Build.0 = Release|Any CPU
	EndGlobalSection
	GlobalSection(SolutionProperties) = preSolution
		HideSolutionNode = FALSE
	EndGlobalSection
	GlobalSection(NestedProjects) = preSolution
		{664B4B71-DDB8-4534-A886-1CE6CE5F3234} = {87A15711-E499-4C31-A0CC-0F9CB36A9F91}
		{D7792105-6F18-4EC1-AF04-EFFCD36DA0FA} = {BA3E0FDC-5E86-4DFE-99C9-11FDC8F8F569}
		{3E890B1B-62AB-4DEA-92AD-AEDFB1483EB7} = {BA3E0FDC-5E86-4DFE-99C9-11FDC8F8F569}
		{8C7D216D-43C8-4098-9456-FD457115D438} = {87A15711-E499-4C31-A0CC-0F9CB36A9F91}
		{40434847-B21B-42AB-A689-66B81C42100A} = {87A15711-E499-4C31-A0CC-0F9CB36A9F91}
		{107970B1-3F94-45C8-BD30-F284F38CB088} = {87A15711-E499-4C31-A0CC-0F9CB36A9F91}
		{56642A4E-B8CE-4399-9879-3E89C7C1FA3D} = {87A15711-E499-4C31-A0CC-0F9CB36A9F91}
	EndGlobalSection
	GlobalSection(ExtensibilityGlobals) = postSolution
		SolutionGuid = {3DB5B5C1-2739-470E-925A-0CDDE339E9AB}
	EndGlobalSection
EndGlobal
